
Microsoft Visual Studio Solution File, Format Version 12.00
# Visual Studio Version 17
VisualStudioVersion = 17.9.34723.18
MinimumVisualStudioVersion = 10.0.40219.1
Project("{FAE04EC0-301F-11D3-BF4B-00C04F79EFBC}") = "AutoShortcuts", "AutoShortcuts.csproj", "{7CFD43DD-2646-4E97-8A16-30C9D1A8F0FB}"
EndProject
Global
	GlobalSection(SolutionConfigurationPlatforms) = preSolution
		Debug|Any CPU = Debug|Any CPU
		Release|Any CPU = Release|Any CPU
	EndGlobalSection
	GlobalSection(ProjectConfigurationPlatforms) = postSolution
		{7CFD43DD-2646-4E97-8A16-30C9D1A8F0FB}.Debug|Any CPU.ActiveCfg = Debug|Any CPU
		{7CFD43DD-2646-4E97-8A16-30C9D1A8F0FB}.Debug|Any CPU.Build.0 = Debug|Any CPU
		{7CFD43DD-2646-4E97-8A16-30C9D1A8F0FB}.Release|Any CPU.ActiveCfg = Release|Any CPU
		{7CFD43DD-2646-4E97-8A16-30C9D1A8F0FB}.Release|Any CPU.Build.0 = Release|Any CPU
	EndGlobalSection
	GlobalSection(SolutionProperties) = preSolution
		HideSolutionNode = FALSE
	EndGlobalSection
	GlobalSection(ExtensibilityGlobals) = postSolution
		SolutionGuid = {22C743EE-CF50-4EA5-B64F-42467811FCF0}
	EndGlobalSection
EndGlobal
